
Microsoft Visual Studio Solution File, Format Version 12.00
# Visual Studio Version 16
VisualStudioVersion = 16.0.31321.278
MinimumVisualStudioVersion = 10.0.40219.1
Project("{FAE04EC0-301F-11D3-BF4B-00C04F79EFBC}") = "ResalaCharityProject", "ResalaCharityProject\ResalaCharityProject.csproj", "{DA2DC4B9-5B1B-454E-9387-43DD809A83B8}"
EndProject
Global
	GlobalSection(SolutionConfigurationPlatforms) = preSolution
		Debug|Any CPU = Debug|Any CPU
		Release|Any CPU = Release|Any CPU
	EndGlobalSection
	GlobalSection(ProjectConfigurationPlatforms) = postSolution
		{DA2DC4B9-5B1B-454E-9387-43DD809A83B8}.Debug|Any CPU.ActiveCfg = Debug|Any CPU
		{DA2DC4B9-5B1B-454E-9387-43DD809A83B8}.Debug|Any CPU.Build.0 = Debug|Any CPU
		{DA2DC4B9-5B1B-454E-9387-43DD809A83B8}.Release|Any CPU.ActiveCfg = Release|Any CPU
		{DA2DC4B9-5B1B-454E-9387-43DD809A83B8}.Release|Any CPU.Build.0 = Release|Any CPU
	EndGlobalSection
	GlobalSection(SolutionProperties) = preSolution
		HideSolutionNode = FALSE
	EndGlobalSection
	GlobalSection(ExtensibilityGlobals) = postSolution
		SolutionGuid = {4B2A6FAA-C80F-4A84-9A84-4949C0C5646B}
	EndGlobalSection
EndGlobal
